
Microsoft Visual Studio Solution File, Format Version 12.00
# Visual Studio Version 17
VisualStudioVersion = 17.0.31903.59
MinimumVisualStudioVersion = 10.0.40219.1
Project("{FAE04EC0-301F-11D3-BF4B-00C04F79EFBC}") = "CCCG.Core", "src\CCCG.Core\CCCG.Core.csproj", "{6F15523E-15FB-41AB-B28F-646AD51BF302}"
EndProject
Project("{FAE04EC0-301F-11D3-BF4B-00C04F79EFBC}") = "CCCG.Router", "src\CCCG.Router\CCCG.Router.csproj", "{417D0F23-8A7B-47F8-A4B5-5332DC6F0097}"
EndProject
Project("{FAE04EC0-301F-11D3-BF4B-00C04F79EFBC}") = "CCCG.Monitor", "src\CCCG.Monitor\CCCG.Monitor.csproj", "{78D739E1-80DA-442C-9306-EBEC9F10D643}"
EndProject
Project("{FAE04EC0-301F-11D3-BF4B-00C04F79EFBC}") = "CCCG.Tests", "tests\CCCG.Tests\CCCG.Tests.csproj", "{B955166E-C99E-4F36-9E82-186431B9A4DB}"
EndProject
Project("{2150E333-8FDC-42A3-9474-1A3956D46DE8}") = "src", "src", "{827E0CD3-B72D-47B6-A68D-7590B98EB39B}"
EndProject
Project("{FAE04EC0-301F-11D3-BF4B-00C04F79EFBC}") = "CCCG.Host", "src\CCCG.Host\CCCG.Host.csproj", "{A0153AD9-925C-4ABC-8BEC-0269DF58EB3E}"
EndProject
Project("{FAE04EC0-301F-11D3-BF4B-00C04F79EFBC}") = "CCCG.Dispatch", "src\CCCG.Dispatch\CCCG.Dispatch.csproj", "{E4C2B8A1-6D70-4F19-9C3E-8A51B0D47F22}"
EndProject
Project("{FAE04EC0-301F-11D3-BF4B-00C04F79EFBC}") = "CCCG.Dispatch.Worker", "src\CCCG.Dispatch.Worker\CCCG.Dispatch.Worker.csproj", "{C923714D-39B4-4B17-A0D8-7BC8726E4B31}"
EndProject
Project("{2150E333-8FDC-42A3-9474-1A3956D46DE8}") = "experiments", "experiments", "{8E1D1CCC-9289-C849-48CA-D7E099D02B6F}"
EndProject
Project("{2150E333-8FDC-42A3-9474-1A3956D46DE8}") = "claude-desktop-bridge-shim", "claude-desktop-bridge-shim", "{D4C675AF-4555-22CA-36EE-4448B82AA099}"
EndProject
Project("{2150E333-8FDC-42A3-9474-1A3956D46DE8}") = "src", "src", "{D6C5B3A4-49D1-6E66-61C2-F44790D8AC9D}"
EndProject
Project("{FAE04EC0-301F-11D3-BF4B-00C04F79EFBC}") = "ClaudeDesktopBridgeShim", "experiments\claude-desktop-bridge-shim\src\ClaudeDesktopBridgeShim\ClaudeDesktopBridgeShim.csproj", "{C283EE00-EEA2-49A4-B2D2-5081A48CF532}"
EndProject
Global
	GlobalSection(SolutionConfigurationPlatforms) = preSolution
		Debug|Any CPU = Debug|Any CPU
		Debug|x64 = Debug|x64
		Debug|x86 = Debug|x86
		Release|Any CPU = Release|Any CPU
		Release|x64 = Release|x64
		Release|x86 = Release|x86
	EndGlobalSection
	GlobalSection(ProjectConfigurationPlatforms) = postSolution
		{6F15523E-15FB-41AB-B28F-646AD51BF302}.Debug|Any CPU.ActiveCfg = Debug|Any CPU
		{6F15523E-15FB-41AB-B28F-646AD51BF302}.Debug|Any CPU.Build.0 = Debug|Any CPU
		{6F15523E-15FB-41AB-B28F-646AD51BF302}.Debug|x64.ActiveCfg = Debug|Any CPU
		{6F15523E-15FB-41AB-B28F-646AD51BF302}.Debug|x64.Build.0 = Debug|Any CPU
		{6F15523E-15FB-41AB-B28F-646AD51BF302}.Debug|x86.ActiveCfg = Debug|Any CPU
		{6F15523E-15FB-41AB-B28F-646AD51BF302}.Debug|x86.Build.0 = Debug|Any CPU
		{6F15523E-15FB-41AB-B28F-646AD51BF302}.Release|Any CPU.ActiveCfg = Release|Any CPU
		{6F15523E-15FB-41AB-B28F-646AD51BF302}.Release|Any CPU.Build.0 = Release|Any CPU
		{6F15523E-15FB-41AB-B28F-646AD51BF302}.Release|x64.ActiveCfg = Release|Any CPU
		{6F15523E-15FB-41AB-B28F-646AD51BF302}.Release|x64.Build.0 = Release|Any CPU
		{6F15523E-15FB-41AB-B28F-646AD51BF302}.Release|x86.ActiveCfg = Release|Any CPU
		{6F15523E-15FB-41AB-B28F-646AD51BF302}.Release|x86.Build.0 = Release|Any CPU
		{417D0F23-8A7B-47F8-A4B5-5332DC6F0097}.Debug|Any CPU.ActiveCfg = Debug|Any CPU
		{417D0F23-8A7B-47F8-A4B5-5332DC6F0097}.Debug|Any CPU.Build.0 = Debug|Any CPU
		{417D0F23-8A7B-47F8-A4B5-5332DC6F0097}.Debug|x64.ActiveCfg = Debug|Any CPU
		{417D0F23-8A7B-47F8-A4B5-5332DC6F0097}.Debug|x64.Build.0 = Debug|Any CPU
		{417D0F23-8A7B-47F8-A4B5-5332DC6F0097}.Debug|x86.ActiveCfg = Debug|Any CPU
		{417D0F23-8A7B-47F8-A4B5-5332DC6F0097}.Debug|x86.Build.0 = Debug|Any CPU
		{417D0F23-8A7B-47F8-A4B5-5332DC6F0097}.Release|Any CPU.ActiveCfg = Release|Any CPU
		{417D0F23-8A7B-47F8-A4B5-5332DC6F0097}.Release|Any CPU.Build.0 = Release|Any CPU
		{417D0F23-8A7B-47F8-A4B5-5332DC6F0097}.Release|x64.ActiveCfg = Release|Any CPU
		{417D0F23-8A7B-47F8-A4B5-5332DC6F0097}.Release|x64.Build.0 = Release|Any CPU
		{417D0F23-8A7B-47F8-A4B5-5332DC6F0097}.Release|x86.ActiveCfg = Release|Any CPU
		{417D0F23-8A7B-47F8-A4B5-5332DC6F0097}.Release|x86.Build.0 = Release|Any CPU
		{78D739E1-80DA-442C-9306-EBEC9F10D643}.Debug|Any CPU.ActiveCfg = Debug|Any CPU
		{78D739E1-80DA-442C-9306-EBEC9F10D643}.Debug|Any CPU.Build.0 = Debug|Any CPU
		{78D739E1-80DA-442C-9306-EBEC9F10D643}.Debug|x64.ActiveCfg = Debug|Any CPU
		{78D739E1-80DA-442C-9306-EBEC9F10D643}.Debug|x64.Build.0 = Debug|Any CPU
		{78D739E1-80DA-442C-9306-EBEC9F10D643}.Debug|x86.ActiveCfg = Debug|Any CPU
		{78D739E1-80DA-442C-9306-EBEC9F10D643}.Debug|x86.Build.0 = Debug|Any CPU
		{78D739E1-80DA-442C-9306-EBEC9F10D643}.Release|Any CPU.ActiveCfg = Release|Any CPU
		{78D739E1-80DA-442C-9306-EBEC9F10D643}.Release|Any CPU.Build.0 = Release|Any CPU
		{78D739E1-80DA-442C-9306-EBEC9F10D643}.Release|x64.ActiveCfg = Release|Any CPU
		{78D739E1-80DA-442C-9306-EBEC9F10D643}.Release|x64.Build.0 = Release|Any CPU
		{78D739E1-80DA-442C-9306-EBEC9F10D643}.Release|x86.ActiveCfg = Release|Any CPU
		{78D739E1-80DA-442C-9306-EBEC9F10D643}.Release|x86.Build.0 = Release|Any CPU
		{B955166E-C99E-4F36-9E82-186431B9A4DB}.Debug|Any CPU.ActiveCfg = Debug|Any CPU
		{B955166E-C99E-4F36-9E82-186431B9A4DB}.Debug|Any CPU.Build.0 = Debug|Any CPU
		{B955166E-C99E-4F36-9E82-186431B9A4DB}.Debug|x64.ActiveCfg = Debug|Any CPU
		{B955166E-C99E-4F36-9E82-186431B9A4DB}.Debug|x64.Build.0 = Debug|Any CPU
		{B955166E-C99E-4F36-9E82-186431B9A4DB}.Debug|x86.ActiveCfg = Debug|Any CPU
		{B955166E-C99E-4F36-9E82-186431B9A4DB}.Debug|x86.Build.0 = Debug|Any CPU
		{B955166E-C99E-4F36-9E82-186431B9A4DB}.Release|Any CPU.ActiveCfg = Release|Any CPU
		{B955166E-C99E-4F36-9E82-186431B9A4DB}.Release|Any CPU.Build.0 = Release|Any CPU
		{B955166E-C99E-4F36-9E82-186431B9A4DB}.Release|x64.ActiveCfg = Release|Any CPU
		{B955166E-C99E-4F36-9E82-186431B9A4DB}.Release|x64.Build.0 = Release|Any CPU
		{B955166E-C99E-4F36-9E82-186431B9A4DB}.Release|x86.ActiveCfg = Release|Any CPU
		{B955166E-C99E-4F36-9E82-186431B9A4DB}.Release|x86.Build.0 = Release|Any CPU
		{A0153AD9-925C-4ABC-8BEC-0269DF58EB3E}.Debug|Any CPU.ActiveCfg = Debug|Any CPU
		{A0153AD9-925C-4ABC-8BEC-0269DF58EB3E}.Debug|Any CPU.Build.0 = Debug|Any CPU
		{A0153AD9-925C-4ABC-8BEC-0269DF58EB3E}.Debug|x64.ActiveCfg = Debug|Any CPU
		{A0153AD9-925C-4ABC-8BEC-0269DF58EB3E}.Debug|x64.Build.0 = Debug|Any CPU
		{A0153AD9-925C-4ABC-8BEC-0269DF58EB3E}.Debug|x86.ActiveCfg = Debug|Any CPU
		{A0153AD9-925C-4ABC-8BEC-0269DF58EB3E}.Debug|x86.Build.0 = Debug|Any CPU
		{A0153AD9-925C-4ABC-8BEC-0269DF58EB3E}.Release|Any CPU.ActiveCfg = Release|Any CPU
		{A0153AD9-925C-4ABC-8BEC-0269DF58EB3E}.Release|Any CPU.Build.0 = Release|Any CPU
		{A0153AD9-925C-4ABC-8BEC-0269DF58EB3E}.Release|x64.ActiveCfg = Release|Any CPU
		{A0153AD9-925C-4ABC-8BEC-0269DF58EB3E}.Release|x64.Build.0 = Release|Any CPU
		{A0153AD9-925C-4ABC-8BEC-0269DF58EB3E}.Release|x86.ActiveCfg = Release|Any CPU
		{A0153AD9-925C-4ABC-8BEC-0269DF58EB3E}.Release|x86.Build.0 = Release|Any CPU
		{E4C2B8A1-6D70-4F19-9C3E-8A51B0D47F22}.Debug|Any CPU.ActiveCfg = Debug|Any CPU
		{E4C2B8A1-6D70-4F19-9C3E-8A51B0D47F22}.Debug|Any CPU.Build.0 = Debug|Any CPU
		{E4C2B8A1-6D70-4F19-9C3E-8A51B0D47F22}.Debug|x64.ActiveCfg = Debug|Any CPU
		{E4C2B8A1-6D70-4F19-9C3E-8A51B0D47F22}.Debug|x64.Build.0 = Debug|Any CPU
		{E4C2B8A1-6D70-4F19-9C3E-8A51B0D47F22}.Debug|x86.ActiveCfg = Debug|Any CPU
		{E4C2B8A1-6D70-4F19-9C3E-8A51B0D47F22}.Debug|x86.Build.0 = Debug|Any CPU
		{E4C2B8A1-6D70-4F19-9C3E-8A51B0D47F22}.Release|Any CPU.ActiveCfg = Release|Any CPU
		{E4C2B8A1-6D70-4F19-9C3E-8A51B0D47F22}.Release|Any CPU.Build.0 = Release|Any CPU
		{E4C2B8A1-6D70-4F19-9C3E-8A51B0D47F22}.Release|x64.ActiveCfg = Release|Any CPU
		{E4C2B8A1-6D70-4F19-9C3E-8A51B0D47F22}.Release|x64.Build.0 = Release|Any CPU
		{E4C2B8A1-6D70-4F19-9C3E-8A51B0D47F22}.Release|x86.ActiveCfg = Release|Any CPU
		{E4C2B8A1-6D70-4F19-9C3E-8A51B0D47F22}.Release|x86.Build.0 = Release|Any CPU
		{C923714D-39B4-4B17-A0D8-7BC8726E4B31}.Debug|Any CPU.ActiveCfg = Debug|Any CPU
		{C923714D-39B4-4B17-A0D8-7BC8726E4B31}.Debug|Any CPU.Build.0 = Debug|Any CPU
		{C923714D-39B4-4B17-A0D8-7BC8726E4B31}.Debug|x64.ActiveCfg = Debug|Any CPU
		{C923714D-39B4-4B17-A0D8-7BC8726E4B31}.Debug|x64.Build.0 = Debug|Any CPU
		{C923714D-39B4-4B17-A0D8-7BC8726E4B31}.Debug|x86.ActiveCfg = Debug|Any CPU
		{C923714D-39B4-4B17-A0D8-7BC8726E4B31}.Debug|x86.Build.0 = Debug|Any CPU
		{C923714D-39B4-4B17-A0D8-7BC8726E4B31}.Release|Any CPU.ActiveCfg = Release|Any CPU
		{C923714D-39B4-4B17-A0D8-7BC8726E4B31}.Release|Any CPU.Build.0 = Release|Any CPU
		{C923714D-39B4-4B17-A0D8-7BC8726E4B31}.Release|x64.ActiveCfg = Release|Any CPU
		{C923714D-39B4-4B17-A0D8-7BC8726E4B31}.Release|x64.Build.0 = Release|Any CPU
		{C923714D-39B4-4B17-A0D8-7BC8726E4B31}.Release|x86.ActiveCfg = Release|Any CPU
		{C923714D-39B4-4B17-A0D8-7BC8726E4B31}.Release|x86.Build.0 = Release|Any CPU
		{C283EE00-EEA2-49A4-B2D2-5081A48CF532}.Debug|Any CPU.ActiveCfg = Debug|Any CPU
		{C283EE00-EEA2-49A4-B2D2-5081A48CF532}.Debug|Any CPU.Build.0 = Debug|Any CPU
		{C283EE00-EEA2-49A4-B2D2-5081A48CF532}.Debug|x64.ActiveCfg = Debug|Any CPU
		{C283EE00-EEA2-49A4-B2D2-5081A48CF532}.Debug|x64.Build.0 = Debug|Any CPU
		{C283EE00-EEA2-49A4-B2D2-5081A48CF532}.Debug|x86.ActiveCfg = Debug|Any CPU
		{C283EE00-EEA2-49A4-B2D2-5081A48CF532}.Debug|x86.Build.0 = Debug|Any CPU
		{C283EE00-EEA2-49A4-B2D2-5081A48CF532}.Release|Any CPU.ActiveCfg = Release|Any CPU
		{C283EE00-EEA2-49A4-B2D2-5081A48CF532}.Release|Any CPU.Build.0 = Release|Any CPU
		{C283EE00-EEA2-49A4-B2D2-5081A48CF532}.Release|x64.ActiveCfg = Release|Any CPU
		{C283EE00-EEA2-49A4-B2D2-5081A48CF532}.Release|x64.Build.0 = Release|Any CPU
		{C283EE00-EEA2-49A4-B2D2-5081A48CF532}.Release|x86.ActiveCfg = Release|Any CPU
		{C283EE00-EEA2-49A4-B2D2-5081A48CF532}.Release|x86.Build.0 = Release|Any CPU
	EndGlobalSection
	GlobalSection(SolutionProperties) = preSolution
		HideSolutionNode = FALSE
	EndGlobalSection
	GlobalSection(NestedProjects) = preSolution
		{A0153AD9-925C-4ABC-8BEC-0269DF58EB3E} = {827E0CD3-B72D-47B6-A68D-7590B98EB39B}
		{E4C2B8A1-6D70-4F19-9C3E-8A51B0D47F22} = {827E0CD3-B72D-47B6-A68D-7590B98EB39B}
		{C923714D-39B4-4B17-A0D8-7BC8726E4B31} = {827E0CD3-B72D-47B6-A68D-7590B98EB39B}
		{D4C675AF-4555-22CA-36EE-4448B82AA099} = {8E1D1CCC-9289-C849-48CA-D7E099D02B6F}
		{D6C5B3A4-49D1-6E66-61C2-F44790D8AC9D} = {D4C675AF-4555-22CA-36EE-4448B82AA099}
		{C283EE00-EEA2-49A4-B2D2-5081A48CF532} = {D6C5B3A4-49D1-6E66-61C2-F44790D8AC9D}
	EndGlobalSection
EndGlobal
